
Microsoft Visual Studio Solution File, Format Version 12.00
# Visual Studio Version 16
VisualStudioVersion = 16.0.31424.327
MinimumVisualStudioVersion = 10.0.40219.1
Project("{FAE04EC0-301F-11D3-BF4B-00C04F79EFBC}") = "NPREth_Commands", "NPREth_Commands\NPREth_Commands.csproj", "{80727806-FFD9-4607-80A3-BF878FA11103}"
EndProject
Global
	GlobalSection(SolutionConfigurationPlatforms) = preSolution
		Debug|Any CPU = Debug|Any CPU
		Release|Any CPU = Release|Any CPU
	EndGlobalSection
	GlobalSection(ProjectConfigurationPlatforms) = postSolution
		{80727806-FFD9-4607-80A3-BF878FA11103}.Debug|Any CPU.ActiveCfg = Debug|Any CPU
		{80727806-FFD9-4607-80A3-BF878FA11103}.Debug|Any CPU.Build.0 = Debug|Any CPU
		{80727806-FFD9-4607-80A3-BF878FA11103}.Release|Any CPU.ActiveCfg = Release|Any CPU
		{80727806-FFD9-4607-80A3-BF878FA11103}.Release|Any CPU.Build.0 = Release|Any CPU
	EndGlobalSection
	GlobalSection(SolutionProperties) = preSolution
		HideSolutionNode = FALSE
	EndGlobalSection
	GlobalSection(ExtensibilityGlobals) = postSolution
		SolutionGuid = {02BF871C-80F8-4927-91E5-C01EFF63B8E9}
	EndGlobalSection
EndGlobal
